
Microsoft Visual Studio Solution File, Format Version 12.00
# Visual Studio Version 16
VisualStudioVersion = 16.0.32106.194
MinimumVisualStudioVersion = 10.0.40219.1
Project("{FAE04EC0-301F-11D3-BF4B-00C04F79EFBC}") = "Api", "Api\Api.csproj", "{F9E566BB-F42D-470B-8CF9-8BD2B9F84D03}"
EndProject
Project("{FAE04EC0-301F-11D3-BF4B-00C04F79EFBC}") = "Lib", "Lib\Lib.csproj", "{359C1C8C-FEB5-49D3-BA1F-03C0819756EA}"
EndProject
Project("{FAE04EC0-301F-11D3-BF4B-00C04F79EFBC}") = "Test", "Test\Test.csproj", "{573199B1-A727-48C7-9800-EBB4C3AE3495}"
EndProject
Global
	GlobalSection(SolutionConfigurationPlatforms) = preSolution
		Debug|Any CPU = Debug|Any CPU
		Release|Any CPU = Release|Any CPU
	EndGlobalSection
	GlobalSection(ProjectConfigurationPlatforms) = postSolution
		{F9E566BB-F42D-470B-8CF9-8BD2B9F84D03}.Debug|Any CPU.ActiveCfg = Debug|Any CPU
		{F9E566BB-F42D-470B-8CF9-8BD2B9F84D03}.Debug|Any CPU.Build.0 = Debug|Any CPU
		{F9E566BB-F42D-470B-8CF9-8BD2B9F84D03}.Release|Any CPU.ActiveCfg = Release|Any CPU
		{F9E566BB-F42D-470B-8CF9-8BD2B9F84D03}.Release|Any CPU.Build.0 = Release|Any CPU
		{359C1C8C-FEB5-49D3-BA1F-03C0819756EA}.Debug|Any CPU.ActiveCfg = Debug|Any CPU
		{359C1C8C-FEB5-49D3-BA1F-03C0819756EA}.Debug|Any CPU.Build.0 = Debug|Any CPU
		{359C1C8C-FEB5-49D3-BA1F-03C0819756EA}.Release|Any CPU.ActiveCfg = Release|Any CPU
		{359C1C8C-FEB5-49D3-BA1F-03C0819756EA}.Release|Any CPU.Build.0 = Release|Any CPU
		{573199B1-A727-48C7-9800-EBB4C3AE3495}.Debug|Any CPU.ActiveCfg = Debug|Any CPU
		{573199B1-A727-48C7-9800-EBB4C3AE3495}.Debug|Any CPU.Build.0 = Debug|Any CPU
		{573199B1-A727-48C7-9800-EBB4C3AE3495}.Release|Any CPU.ActiveCfg = Release|Any CPU
		{573199B1-A727-48C7-9800-EBB4C3AE3495}.Release|Any CPU.Build.0 = Release|Any CPU
	EndGlobalSection
	GlobalSection(SolutionProperties) = preSolution
		HideSolutionNode = FALSE
	EndGlobalSection
	GlobalSection(ExtensibilityGlobals) = postSolution
		SolutionGuid = {67FB49C0-1746-45AC-A04C-89244D8F690F}
	EndGlobalSection
EndGlobal
